// !$*UTF8*$!
{
	archiveVersion = 1;
	classes = {
	};
	objectVersion = 50;
	objects = {

/* Begin PBXBuildFile section */
		8855B0C0217B4A5A00763F84 /* AppDelegate.swift in Sources */ = {isa = PBXBuildFile; fileRef = 8855B0BF217B4A5A00763F84 /* AppDelegate.swift */; };
		8855B0C2217B4A5A00763F84 /* ViewController.swift in Sources */ = {isa = PBXBuildFile; fileRef = 8855B0C1217B4A5A00763F84 /* ViewController.swift */; };
		8855B0C7217B4A5C00763F84 /* Assets.xcassets in Resources */ = {isa = PBXBuildFile; fileRef = 8855B0C6217B4A5C00763F84 /* Assets.xcassets */; };
		8855B0CA217B4A5C00763F84 /* LaunchScreen.storyboard in Resources */ = {isa = PBXBuildFile; fileRef = 8855B0C8217B4A5C00763F84 /* LaunchScreen.storyboard */; };
		8855B0DB217B4F0500763F84 /* UIImage+Extension.swift in Sources */ = {isa = PBXBuildFile; fileRef = 8855B0DA217B4F0500763F84 /* UIImage+Extension.swift */; };
		8855B0E2217B4FE000763F84 /* Main.storyboard in Resources */ = {isa = PBXBuildFile; fileRef = 8855B0E1217B4FE000763F84 /* Main.storyboard */; };
		8855B0E7217B51F100763F84 /* CGContext图像变换原理.001.jpeg in Resources */ = {isa = PBXBuildFile; fileRef = 8855B0E4217B51F100763F84 /* CGContext图像变换原理.001.jpeg */; };
		8855B0E8217B51F100763F84 /* CGContext图像变换原理.key in Resources */ = {isa = PBXBuildFile; fileRef = 8855B0E5217B51F100763F84 /* CGContext图像变换原理.key */; };
		8855B0E9217B51F100763F84 /* CGContext图像变换原理.002.jpeg in Resources */ = {isa = PBXBuildFile; fileRef = 8855B0E6217B51F100763F84 /* CGContext图像变换原理.002.jpeg */; };
/* End PBXBuildFile section */

/* Begin PBXFileReference section */
		8855B0BC217B4A5A00763F84 /* UIImage矩阵变换.app */ = {isa = PBXFileReference; explicitFileType = wrapper.application; includeInIndex = 0; path = "UIImage矩阵变换.app"; sourceTree = BUILT_PRODUCTS_DIR; };
		8855B0BF217B4A5A00763F84 /* AppDelegate.swift */ = {isa = PBXFileReference; lastKnownFileType = sourcecode.swift; path = AppDelegate.swift; sourceTree = "<group>"; };
		8855B0C1217B4A5A00763F84 /* ViewController.swift */ = {isa = PBXFileReference; lastKnownFileType = sourcecode.swift; path = ViewController.swift; sourceTree = "<group>"; };
		8855B0C6217B4A5C00763F84 /* Assets.xcassets */ = {isa = PBXFileReference; lastKnownFileType = folder.assetcatalog; path = Assets.xcassets; sourceTree = "<group>"; };
		8855B0C9217B4A5C00763F84 /* Base */ = {isa = PBXFileReference; lastKnownFileType = file.storyboard; name = Base; path = Base.lproj/LaunchScreen.storyboard; sourceTree = "<group>"; };
		8855B0CB217B4A5C00763F84 /* Info.plist */ = {isa = PBXFileReference; lastKnownFileType = text.plist.xml; path = Info.plist; sourceTree = "<group>"; };
		8855B0DA217B4F0500763F84 /* UIImage+Extension.swift */ = {isa = PBXFileReference; fileEncoding = 4; lastKnownFileType = sourcecode.swift; path = "UIImage+Extension.swift"; sourceTree = "<group>"; };
		8855B0E1217B4FE000763F84 /* Main.storyboard */ = {isa = PBXFileReference; fileEncoding = 4; lastKnownFileType = file.storyboard; path = Main.storyboard; sourceTree = "<group>"; };
		8855B0E4217B51F100763F84 /* CGContext图像变换原理.001.jpeg */ = {isa = PBXFileReference; lastKnownFileType = image.jpeg; path = "CGContext图像变换原理.001.jpeg"; sourceTree = "<group>"; };
		8855B0E5217B51F100763F84 /* CGContext图像变换原理.key */ = {isa = PBXFileReference; lastKnownFileType = file; path = "CGContext图像变换原理.key"; sourceTree = "<group>"; };
		8855B0E6217B51F100763F84 /* CGContext图像变换原理.002.jpeg */ = {isa = PBXFileReference; lastKnownFileType = image.jpeg; path = "CGContext图像变换原理.002.jpeg"; sourceTree = "<group>"; };
/* End PBXFileReference section */

/* Begin PBXFrameworksBuildPhase section */
		8855B0B9217B4A5A00763F84 /* Frameworks */ = {
			isa = PBXFrameworksBuildPhase;
			buildActionMask = 2147483647;
			files = (
			);
			runOnlyForDeploymentPostprocessing = 0;
		};
/* End PBXFrameworksBuildPhase section */

/* Begin PBXGroup section */
		8855B0B3217B4A5A00763F84 = {
			isa = PBXGroup;
			children = (
				8855B0E3217B51F100763F84 /* CGContext图像变换原理图 */,
				8855B0BE217B4A5A00763F84 /* UIImage矩阵变换 */,
				8855B0BD217B4A5A00763F84 /* Products */,
			);
			sourceTree = "<group>";
		};
		8855B0BD217B4A5A00763F84 /* Products */ = {
			isa = PBXGroup;
			children = (
				8855B0BC217B4A5A00763F84 /* UIImage矩阵变换.app */,
			);
			name = Products;
			sourceTree = "<group>";
		};
		8855B0BE217B4A5A00763F84 /* UIImage矩阵变换 */ = {
			isa = PBXGroup;
			children = (
				8855B0BF217B4A5A00763F84 /* AppDelegate.swift */,
				8855B0C1217B4A5A00763F84 /* ViewController.swift */,
				8855B0E1217B4FE000763F84 /* Main.storyboard */,
				8855B0DA217B4F0500763F84 /* UIImage+Extension.swift */,
				8855B0C6217B4A5C00763F84 /* Assets.xcassets */,
				8855B0C8217B4A5C00763F84 /* LaunchScreen.storyboard */,
				8855B0CB217B4A5C00763F84 /* Info.plist */,
			);
			path = "UIImage矩阵变换";
			sourceTree = "<group>";
		};
		8855B0E3217B51F100763F84 /* CGContext图像变换原理图 */ = {
			isa = PBXGroup;
			children = (
				8855B0E4217B51F100763F84 /* CGContext图像变换原理.001.jpeg */,
				8855B0E6217B51F100763F84 /* CGContext图像变换原理.002.jpeg */,
				8855B0E5217B51F100763F84 /* CGContext图像变换原理.key */,
			);
			path = "CGContext图像变换原理图";
			sourceTree = "<group>";
		};
/* End PBXGroup section */

/* Begin PBXNativeTarget section */
		8855B0BB217B4A5A00763F84 /* UIImage矩阵变换 */ = {
			isa = PBXNativeTarget;
			buildConfigurationList = 8855B0CE217B4A5C00763F84 /* Build configuration list for PBXNativeTarget "UIImage矩阵变换" */;
			buildPhases = (
				8855B0B8217B4A5A00763F84 /* Sources */,
				8855B0B9217B4A5A00763F84 /* Frameworks */,
				8855B0BA217B4A5A00763F84 /* Resources */,
			);
			buildRules = (
			);
			dependencies = (
			);
			name = "UIImage矩阵变换";
			productName = "UIImage矩阵变换";
			productReference = 8855B0BC217B4A5A00763F84 /* UIImage矩阵变换.app */;
			productType = "com.apple.product-type.application";
		};
/* End PBXNativeTarget section */

/* Begin PBXProject section */
		8855B0B4217B4A5A00763F84 /* Project object */ = {
			isa = PBXProject;
			attributes = {
				LastSwiftUpdateCheck = 1000;
				LastUpgradeCheck = 1000;
				ORGANIZATIONNAME = "天明";
				TargetAttributes = {
					8855B0BB217B4A5A00763F84 = {
						CreatedOnToolsVersion = 10.0;
					};
				};
			};
			buildConfigurationList = 8855B0B7217B4A5A00763F84 /* Build configuration list for PBXProject "UIImage矩阵变换" */;
			compatibilityVersion = "Xcode 9.3";
			developmentRegion = en;
			hasScannedForEncodings = 0;
			knownRegions = (
				en,
				Base,
			);
			mainGroup = 8855B0B3217B4A5A00763F84;
			productRefGroup = 8855B0BD217B4A5A00763F84 /* Products */;
			projectDirPath = "";
			projectRoot = "";
			targets = (
				8855B0BB217B4A5A00763F84 /* UIImage矩阵变换 */,
			);
		};
/* End PBXProject section */

/* Begin PBXResourcesBuildPhase section */
		8855B0BA217B4A5A00763F84 /* Resources */ = {
			isa = PBXResourcesBuildPhase;
			buildActionMask = 2147483647;
			files = (
				8855B0CA217B4A5C00763F84 /* LaunchScreen.storyboard in Resources */,
				8855B0E9217B51F100763F84 /* CGContext图像变换原理.002.jpeg in Resources */,
				8855B0E2217B4FE000763F84 /* Main.storyboard in Resources */,
				8855B0E7217B51F100763F84 /* CGContext图像变换原理.001.jpeg in Resources */,
				8855B0C7217B4A5C00763F84 /* Assets.xcassets in Resources */,
				8855B0E8217B51F100763F84 /* CGContext图像变换原理.key in Resources */,
			);
			runOnlyForDeploymentPostprocessing = 0;
		};
/* End PBXResourcesBuildPhase section */

/* Begin PBXSourcesBuildPhase section */
		8855B0B8217B4A5A00763F84 /* Sources */ = {
			isa = PBXSourcesBuildPhase;
			buildActionMask = 2147483647;
			files = (
				8855B0DB217B4F0500763F84 /* UIImage+Extension.swift in Sources */,
				8855B0C2217B4A5A00763F84 /* ViewController.swift in Sources */,
				8855B0C0217B4A5A00763F84 /* AppDelegate.swift in Sources */,
			);
			runOnlyForDeploymentPostprocessing = 0;
		};
/* End PBXSourcesBuildPhase section */

/* Begin PBXVariantGroup section */
		8855B0C8217B4A5C00763F84 /* LaunchScreen.storyboard */ = {
			isa = PBXVariantGroup;
			children = (
				8855B0C9217B4A5C00763F84 /* Base */,
			);
			name = LaunchScreen.storyboard;
			sourceTree = "<group>";
		};
/* End PBXVariantGroup section */

/* Begin XCBuildConfiguration section */
		8855B0CC217B4A5C00763F84 /* Debug */ = {
			isa = XCBuildConfiguration;
			buildSettings = {
				ALWAYS_SEARCH_USER_PATHS = NO;
				CLANG_ANALYZER_NONNULL = YES;
				CLANG_ANALYZER_NUMBER_OBJECT_CONVERSION = YES_AGGRESSIVE;
				CLANG_CXX_LANGUAGE_STANDARD = "gnu++14";
				CLANG_CXX_LIBRARY = "libc++";
				CLANG_ENABLE_MODULES = YES;
				CLANG_ENABLE_OBJC_ARC = YES;
				CLANG_ENABLE_OBJC_WEAK = YES;
				CLANG_WARN_BLOCK_CAPTURE_AUTORELEASING = YES;
				CLANG_WARN_BOOL_CONVERSION = YES;
				CLANG_WARN_COMMA = YES;
				CLANG_WARN_CONSTANT_CONVERSION = YES;
				CLANG_WARN_DEPRECATED_OBJC_IMPLEMENTATIONS = YES;
				CLANG_WARN_DIRECT_OBJC_ISA_USAGE = YES_ERROR;
				CLANG_WARN_DOCUMENTATION_COMMENTS = YES;
				CLANG_WARN_EMPTY_BODY = YES;
				CLANG_WARN_ENUM_CONVERSION = YES;
				CLANG_WARN_INFINITE_RECURSION = YES;
				CLANG_WARN_INT_CONVERSION = YES;
				CLANG_WARN_NON_LITERAL_NULL_CONVERSION = YES;
				CLANG_WARN_OBJC_IMPLICIT_RETAIN_SELF = YES;
				CLANG_WARN_OBJC_LITERAL_CONVERSION = YES;
				CLANG_WARN_OBJC_ROOT_CLASS = YES_ERROR;
				CLANG_WARN_RANGE_LOOP_ANALYSIS = YES;
				CLANG_WARN_STRICT_PROTOTYPES = YES;
				CLANG_WARN_SUSPICIOUS_MOVE = YES;
				CLANG_WARN_UNGUARDED_AVAILABILITY = YES_AGGRESSIVE;
				CLANG_WARN_UNREACHABLE_CODE = YES;
				CLANG_WARN__DUPLICATE_METHOD_MATCH = YES;
				CODE_SIGN_IDENTITY = "iPhone Developer";
				COPY_PHASE_STRIP = NO;
				DEBUG_INFORMATION_FORMAT = dwarf;
				ENABLE_STRICT_OBJC_MSGSEND = YES;
				ENABLE_TESTABILITY = YES;
				GCC_C_LANGUAGE_STANDARD = gnu11;
				GCC_DYNAMIC_NO_PIC = NO;
				GCC_NO_COMMON_BLOCKS = YES;
				GCC_OPTIMIZATION_LEVEL = 0;
				GCC_PREPROCESSOR_DEFINITIONS = (
					"DEBUG=1",
					"$(inherited)",
				);
				GCC_WARN_64_TO_32_BIT_CONVERSION = YES;
				GCC_WARN_ABOUT_RETURN_TYPE = YES_ERROR;
				GCC_WARN_UNDECLARED_SELECTOR = YES;
				GCC_WARN_UNINITIALIZED_AUTOS = YES_AGGRESSIVE;
				GCC_WARN_UNUSED_FUNCTION = YES;
				GCC_WARN_UNUSED_VARIABLE = YES;
				IPHONEOS_DEPLOYMENT_TARGET = 12.0;
				MTL_ENABLE_DEBUG_INFO = INCLUDE_SOURCE;
				MTL_FAST_MATH = YES;
				ONLY_ACTIVE_ARCH = YES;
				SDKROOT = iphoneos;
				SWIFT_ACTIVE_COMPILATION_CONDITIONS = DEBUG;
				SWIFT_OPTIMIZATION_LEVEL = "-Onone";
			};
			name = Debug;
		};
		8855B0CD217B4A5C00763F84 /* Release */ = {
			isa = XCBuildConfiguration;
			buildSettings = {
				ALWAYS_SEARCH_USER_PATHS = NO;
				CLANG_ANALYZER_NONNULL = YES;
				CLANG_ANALYZER_NUMBER_OBJECT_CONVERSION = YES_AGGRESSIVE;
				CLANG_CXX_LANGUAGE_STANDARD = "gnu++14";
				CLANG_CXX_LIBRARY = "libc++";
				CLANG_ENABLE_MODULES = YES;
				CLANG_ENABLE_OBJC_ARC = YES;
				CLANG_ENABLE_OBJC_WEAK = YES;
				CLANG_WARN_BLOCK_CAPTURE_AUTORELEASING = YES;
				CLANG_WARN_BOOL_CONVERSION = YES;
				CLANG_WARN_COMMA = YES;
				CLANG_WARN_CONSTANT_CONVERSION = YES;
				CLANG_WARN_DEPRECATED_OBJC_IMPLEMENTATIONS = YES;
				CLANG_WARN_DIRECT_OBJC_ISA_USAGE = YES_ERROR;
				CLANG_WARN_DOCUMENTATION_COMMENTS = YES;
				CLANG_WARN_EMPTY_BODY = YES;
				CLANG_WARN_ENUM_CONVERSION = YES;
				CLANG_WARN_INFINITE_RECURSION = YES;
				CLANG_WARN_INT_CONVERSION = YES;
				CLANG_WARN_NON_LITERAL_NULL_CONVERSION = YES;
				CLANG_WARN_OBJC_IMPLICIT_RETAIN_SELF = YES;
				CLANG_WARN_OBJC_LITERAL_CONVERSION = YES;
				CLANG_WARN_OBJC_ROOT_CLASS = YES_ERROR;
				CLANG_WARN_RANGE_LOOP_ANALYSIS = YES;
				CLANG_WARN_STRICT_PROTOTYPES = YES;
				CLANG_WARN_SUSPICIOUS_MOVE = YES;
				CLANG_WARN_UNGUARDED_AVAILABILITY = YES_AGGRESSIVE;
				CLANG_WARN_UNREACHABLE_CODE = YES;
				CLANG_WARN__DUPLICATE_METHOD_MATCH = YES;
				CODE_SIGN_IDENTITY = "iPhone Developer";
				COPY_PHASE_STRIP = NO;
				DEBUG_INFORMATION_FORMAT = "dwarf-with-dsym";
				ENABLE_NS_ASSERTIONS = NO;
				ENABLE_STRICT_OBJC_MSGSEND = YES;
				GCC_C_LANGUAGE_STANDARD = gnu11;
				GCC_NO_COMMON_BLOCKS = YES;
				GCC_WARN_64_TO_32_BIT_CONVERSION = YES;
				GCC_WARN_ABOUT_RETURN_TYPE = YES_ERROR;
				GCC_WARN_UNDECLARED_SELECTOR = YES;
				GCC_WARN_UNINITIALIZED_AUTOS = YES_AGGRESSIVE;
				GCC_WARN_UNUSED_FUNCTION = YES;
				GCC_WARN_UNUSED_VARIABLE = YES;
				IPHONEOS_DEPLOYMENT_TARGET = 12.0;
				MTL_ENABLE_DEBUG_INFO = NO;
				MTL_FAST_MATH = YES;
				SDKROOT = iphoneos;
				SWIFT_COMPILATION_MODE = wholemodule;
				SWIFT_OPTIMIZATION_LEVEL = "-O";
				VALIDATE_PRODUCT = YES;
			};
			name = Release;
		};
		8855B0CF217B4A5C00763F84 /* Debug */ = {
			isa = XCBuildConfiguration;
			buildSettings = {
				ASSETCATALOG_COMPILER_APPICON_NAME = AppIcon;
				CODE_SIGN_STYLE = Automatic;
				INFOPLIST_FILE = "UIImage矩阵变换/Info.plist";
				LD_RUNPATH_SEARCH_PATHS = (
					"$(inherited)",
					"@executable_path/Frameworks",
				);
				PRODUCT_BUNDLE_IDENTIFIER = "com.tm.UIImage----";
				PRODUCT_NAME = "$(TARGET_NAME)";
				SWIFT_VERSION = 4.2;
				TARGETED_DEVICE_FAMILY = "1,2";
			};
			name = Debug;
		};
		8855B0D0217B4A5C00763F84 /* Release */ = {
			isa = XCBuildConfiguration;
			buildSettings = {
				ASSETCATALOG_COMPILER_APPICON_NAME = AppIcon;
				CODE_SIGN_STYLE = Automatic;
				INFOPLIST_FILE = "UIImage矩阵变换/Info.plist";
				LD_RUNPATH_SEARCH_PATHS = (
					"$(inherited)",
					"@executable_path/Frameworks",
				);
				PRODUCT_BUNDLE_IDENTIFIER = "com.tm.UIImage----";
				PRODUCT_NAME = "$(TARGET_NAME)";
				SWIFT_VERSION = 4.2;
				TARGETED_DEVICE_FAMILY = "1,2";
			};
			name = Release;
		};
/* End XCBuildConfiguration section */

/* Begin XCConfigurationList section */
		8855B0B7217B4A5A00763F84 /* Build configuration list for PBXProject "UIImage矩阵变换" */ = {
			isa = XCConfigurationList;
			buildConfigurations = (
				8855B0CC217B4A5C00763F84 /* Debug */,
				8855B0CD217B4A5C00763F84 /* Release */,
			);
			defaultConfigurationIsVisible = 0;
			defaultConfigurationName = Release;
		};
		8855B0CE217B4A5C00763F84 /* Build configuration list for PBXNativeTarget "UIImage矩阵变换" */ = {
			isa = XCConfigurationList;
			buildConfigurations = (
				8855B0CF217B4A5C00763F84 /* Debug */,
				8855B0D0217B4A5C00763F84 /* Release */,
			);
			defaultConfigurationIsVisible = 0;
			defaultConfigurationName = Release;
		};
/* End XCConfigurationList section */
	};
	rootObject = 8855B0B4217B4A5A00763F84 /* Project object */;
}
